// !$*UTF8*$!
{
	archiveVersion = 1;
	classes = {
	};
	objectVersion = 51;
	objects = {

/* Begin PBXBuildFile section */
		AA1D41585E0211E5B0C820D6 /* Pods_NASAImagesViewer.framework in Frameworks */ = {isa = PBXBuildFile; fileRef = CC666E4C0A3E29C4E5FD9619 /* Pods_NASAImagesViewer.framework */; };
		AD2537B82688EA0400128EFC /* AppDelegate.swift in Sources */ = {isa = PBXBuildFile; fileRef = AD2537B72688EA0400128EFC /* AppDelegate.swift */; };
		AD2537BA2688EA0400128EFC /* SceneDelegate.swift in Sources */ = {isa = PBXBuildFile; fileRef = AD2537B92688EA0400128EFC /* SceneDelegate.swift */; };
		AD2537BF2688EA0400128EFC /* Main.storyboard in Resources */ = {isa = PBXBuildFile; fileRef = AD2537BD2688EA0400128EFC /* Main.storyboard */; };
		AD2537C12688EA0800128EFC /* Assets.xcassets in Resources */ = {isa = PBXBuildFile; fileRef = AD2537C02688EA0800128EFC /* Assets.xcassets */; };
		AD2537C42688EA0800128EFC /* LaunchScreen.storyboard in Resources */ = {isa = PBXBuildFile; fileRef = AD2537C22688EA0800128EFC /* LaunchScreen.storyboard */; };
		AD2537CF2688EA0800128EFC /* NASAImagesViewerTests.swift in Sources */ = {isa = PBXBuildFile; fileRef = AD2537CE2688EA0800128EFC /* NASAImagesViewerTests.swift */; };
		AD2537DA2688EA0800128EFC /* NASAImagesViewerUITests.swift in Sources */ = {isa = PBXBuildFile; fileRef = AD2537D92688EA0800128EFC /* NASAImagesViewerUITests.swift */; };
		AD2537E92688EB8F00128EFC /* APIRequest.swift in Sources */ = {isa = PBXBuildFile; fileRef = AD2537E82688EB8F00128EFC /* APIRequest.swift */; };
		AD2537EB2688EFA500128EFC /* APIClient.swift in Sources */ = {isa = PBXBuildFile; fileRef = AD2537EA2688EFA500128EFC /* APIClient.swift */; };
		AD2537EE2688F0A600128EFC /* SearchRequest.swift in Sources */ = {isa = PBXBuildFile; fileRef = AD2537ED2688F0A600128EFC /* SearchRequest.swift */; };
		AD2537F12688F28400128EFC /* NASAImageViewerModels.swift in Sources */ = {isa = PBXBuildFile; fileRef = AD2537F02688F28400128EFC /* NASAImageViewerModels.swift */; };
		AD2537F32688F2FE00128EFC /* AppRouter.swift in Sources */ = {isa = PBXBuildFile; fileRef = AD2537F22688F2FE00128EFC /* AppRouter.swift */; };
		AD2537F62688F34100128EFC /* HomeViewController.swift in Sources */ = {isa = PBXBuildFile; fileRef = AD2537F52688F34100128EFC /* HomeViewController.swift */; };
		AD2537FA2688F6F500128EFC /* ReuseIdentifying.swift in Sources */ = {isa = PBXBuildFile; fileRef = AD2537F92688F6F500128EFC /* ReuseIdentifying.swift */; };
		AD2537FC2688F76B00128EFC /* ReuseIdentifyingTests.swift in Sources */ = {isa = PBXBuildFile; fileRef = AD2537FB2688F76B00128EFC /* ReuseIdentifyingTests.swift */; };
		AD2537FF2688F98E00128EFC /* HomeViewModel.swift in Sources */ = {isa = PBXBuildFile; fileRef = AD2537FE2688F98E00128EFC /* HomeViewModel.swift */; };
		AD2538012688F9E000128EFC /* HomeViewController+UISetUp.swift in Sources */ = {isa = PBXBuildFile; fileRef = AD2538002688F9E000128EFC /* HomeViewController+UISetUp.swift */; };
		AD2538032688FEC500128EFC /* DatumTableViewCell.swift in Sources */ = {isa = PBXBuildFile; fileRef = AD2538022688FEC500128EFC /* DatumTableViewCell.swift */; };
		AD2538052688FF4A00128EFC /* DatumCellViewModel.swift in Sources */ = {isa = PBXBuildFile; fileRef = AD2538042688FF4A00128EFC /* DatumCellViewModel.swift */; };
		AD2538072689D5D100128EFC /* URLResponse.swift in Sources */ = {isa = PBXBuildFile; fileRef = AD2538062689D5D100128EFC /* URLResponse.swift */; };
		AD25380A268B124500128EFC /* DateFormatter+Extension.swift in Sources */ = {isa = PBXBuildFile; fileRef = AD253809268B124500128EFC /* DateFormatter+Extension.swift */; };
		AD25380C268B448B00128EFC /* UIViewController.swift in Sources */ = {isa = PBXBuildFile; fileRef = AD25380B268B448B00128EFC /* UIViewController.swift */; };
/* End PBXBuildFile section */

/* Begin PBXContainerItemProxy section */
		AD2537CB2688EA0800128EFC /* PBXContainerItemProxy */ = {
			isa = PBXContainerItemProxy;
			containerPortal = AD2537AC2688EA0400128EFC /* Project object */;
			proxyType = 1;
			remoteGlobalIDString = AD2537B32688EA0400128EFC;
			remoteInfo = NASAImagesViewer;
		};
		AD2537D62688EA0800128EFC /* PBXContainerItemProxy */ = {
			isa = PBXContainerItemProxy;
			containerPortal = AD2537AC2688EA0400128EFC /* Project object */;
			proxyType = 1;
			remoteGlobalIDString = AD2537B32688EA0400128EFC;
			remoteInfo = NASAImagesViewer;
		};
/* End PBXContainerItemProxy section */

/* Begin PBXFileReference section */
		2FDCB76628C7A6372DB52049 /* Pods-NASAImagesViewer.debug.xcconfig */ = {isa = PBXFileReference; includeInIndex = 1; lastKnownFileType = text.xcconfig; name = "Pods-NASAImagesViewer.debug.xcconfig"; path = "Target Support Files/Pods-NASAImagesViewer/Pods-NASAImagesViewer.debug.xcconfig"; sourceTree = "<group>"; };
		AD2537B42688EA0400128EFC /* NASAImagesViewer.app */ = {isa = PBXFileReference; explicitFileType = wrapper.application; includeInIndex = 0; path = NASAImagesViewer.app; sourceTree = BUILT_PRODUCTS_DIR; };
		AD2537B72688EA0400128EFC /* AppDelegate.swift */ = {isa = PBXFileReference; lastKnownFileType = sourcecode.swift; path = AppDelegate.swift; sourceTree = "<group>"; };
		AD2537B92688EA0400128EFC /* SceneDelegate.swift */ = {isa = PBXFileReference; lastKnownFileType = sourcecode.swift; path = SceneDelegate.swift; sourceTree = "<group>"; };
		AD2537BE2688EA0400128EFC /* Base */ = {isa = PBXFileReference; lastKnownFileType = file.storyboard; name = Base; path = Base.lproj/Main.storyboard; sourceTree = "<group>"; };
		AD2537C02688EA0800128EFC /* Assets.xcassets */ = {isa = PBXFileReference; lastKnownFileType = folder.assetcatalog; path = Assets.xcassets; sourceTree = "<group>"; };
		AD2537C32688EA0800128EFC /* Base */ = {isa = PBXFileReference; lastKnownFileType = file.storyboard; name = Base; path = Base.lproj/LaunchScreen.storyboard; sourceTree = "<group>"; };
		AD2537C52688EA0800128EFC /* Info.plist */ = {isa = PBXFileReference; lastKnownFileType = text.plist.xml; path = Info.plist; sourceTree = "<group>"; };
		AD2537CA2688EA0800128EFC /* NASAImagesViewerTests.xctest */ = {isa = PBXFileReference; explicitFileType = wrapper.cfbundle; includeInIndex = 0; path = NASAImagesViewerTests.xctest; sourceTree = BUILT_PRODUCTS_DIR; };
		AD2537CE2688EA0800128EFC /* NASAImagesViewerTests.swift */ = {isa = PBXFileReference; lastKnownFileType = sourcecode.swift; path = NASAImagesViewerTests.swift; sourceTree = "<group>"; };
		AD2537D02688EA0800128EFC /* Info.plist */ = {isa = PBXFileReference; lastKnownFileType = text.plist.xml; path = Info.plist; sourceTree = "<group>"; };
		AD2537D52688EA0800128EFC /* NASAImagesViewerUITests.xctest */ = {isa = PBXFileReference; explicitFileType = wrapper.cfbundle; includeInIndex = 0; path = NASAImagesViewerUITests.xctest; sourceTree = BUILT_PRODUCTS_DIR; };
		AD2537D92688EA0800128EFC /* NASAImagesViewerUITests.swift */ = {isa = PBXFileReference; lastKnownFileType = sourcecode.swift; path = NASAImagesViewerUITests.swift; sourceTree = "<group>"; };
		AD2537DB2688EA0800128EFC /* Info.plist */ = {isa = PBXFileReference; lastKnownFileType = text.plist.xml; path = Info.plist; sourceTree = "<group>"; };
		AD2537E82688EB8F00128EFC /* APIRequest.swift */ = {isa = PBXFileReference; lastKnownFileType = sourcecode.swift; path = APIRequest.swift; sourceTree = "<group>"; };
		AD2537EA2688EFA500128EFC /* APIClient.swift */ = {isa = PBXFileReference; lastKnownFileType = sourcecode.swift; path = APIClient.swift; sourceTree = "<group>"; };
		AD2537ED2688F0A600128EFC /* SearchRequest.swift */ = {isa = PBXFileReference; lastKnownFileType = sourcecode.swift; path = SearchRequest.swift; sourceTree = "<group>"; };
		AD2537F02688F28400128EFC /* NASAImageViewerModels.swift */ = {isa = PBXFileReference; lastKnownFileType = sourcecode.swift; path = NASAImageViewerModels.swift; sourceTree = "<group>"; };
		AD2537F22688F2FE00128EFC /* AppRouter.swift */ = {isa = PBXFileReference; lastKnownFileType = sourcecode.swift; path = AppRouter.swift; sourceTree = "<group>"; };
		AD2537F52688F34100128EFC /* HomeViewController.swift */ = {isa = PBXFileReference; lastKnownFileType = sourcecode.swift; path = HomeViewController.swift; sourceTree = "<group>"; };
		AD2537F92688F6F500128EFC /* ReuseIdentifying.swift */ = {isa = PBXFileReference; lastKnownFileType = sourcecode.swift; path = ReuseIdentifying.swift; sourceTree = "<group>"; };
		AD2537FB2688F76B00128EFC /* ReuseIdentifyingTests.swift */ = {isa = PBXFileReference; lastKnownFileType = sourcecode.swift; path = ReuseIdentifyingTests.swift; sourceTree = "<group>"; };
		AD2537FE2688F98E00128EFC /* HomeViewModel.swift */ = {isa = PBXFileReference; lastKnownFileType = sourcecode.swift; path = HomeViewModel.swift; sourceTree = "<group>"; };
		AD2538002688F9E000128EFC /* HomeViewController+UISetUp.swift */ = {isa = PBXFileReference; lastKnownFileType = sourcecode.swift; path = "HomeViewController+UISetUp.swift"; sourceTree = "<group>"; };
		AD2538022688FEC500128EFC /* DatumTableViewCell.swift */ = {isa = PBXFileReference; lastKnownFileType = sourcecode.swift; path = DatumTableViewCell.swift; sourceTree = "<group>"; };
		AD2538042688FF4A00128EFC /* DatumCellViewModel.swift */ = {isa = PBXFileReference; lastKnownFileType = sourcecode.swift; path = DatumCellViewModel.swift; sourceTree = "<group>"; };
		AD2538062689D5D100128EFC /* URLResponse.swift */ = {isa = PBXFileReference; lastKnownFileType = sourcecode.swift; path = URLResponse.swift; sourceTree = "<group>"; };
		AD253809268B124500128EFC /* DateFormatter+Extension.swift */ = {isa = PBXFileReference; lastKnownFileType = sourcecode.swift; path = "DateFormatter+Extension.swift"; sourceTree = "<group>"; };
		AD25380B268B448B00128EFC /* UIViewController.swift */ = {isa = PBXFileReference; lastKnownFileType = sourcecode.swift; path = UIViewController.swift; sourceTree = "<group>"; };
		C0D0EE935D9AE8A638EC46E1 /* Pods-NASAImagesViewer.release.xcconfig */ = {isa = PBXFileReference; includeInIndex = 1; lastKnownFileType = text.xcconfig; name = "Pods-NASAImagesViewer.release.xcconfig"; path = "Target Support Files/Pods-NASAImagesViewer/Pods-NASAImagesViewer.release.xcconfig"; sourceTree = "<group>"; };
		CC666E4C0A3E29C4E5FD9619 /* Pods_NASAImagesViewer.framework */ = {isa = PBXFileReference; explicitFileType = wrapper.framework; includeInIndex = 0; path = Pods_NASAImagesViewer.framework; sourceTree = BUILT_PRODUCTS_DIR; };
/* End PBXFileReference section */

/* Begin PBXFrameworksBuildPhase section */
		AD2537B12688EA0400128EFC /* Frameworks */ = {
			isa = PBXFrameworksBuildPhase;
			buildActionMask = 2147483647;
			files = (
				AA1D41585E0211E5B0C820D6 /* Pods_NASAImagesViewer.framework in Frameworks */,
			);
			runOnlyForDeploymentPostprocessing = 0;
		};
		AD2537C72688EA0800128EFC /* Frameworks */ = {
			isa = PBXFrameworksBuildPhase;
			buildActionMask = 2147483647;
			files = (
			);
			runOnlyForDeploymentPostprocessing = 0;
		};
		AD2537D22688EA0800128EFC /* Frameworks */ = {
			isa = PBXFrameworksBuildPhase;
			buildActionMask = 2147483647;
			files = (
			);
			runOnlyForDeploymentPostprocessing = 0;
		};
/* End PBXFrameworksBuildPhase section */

/* Begin PBXGroup section */
		884B3C5788F52F9E754DA6C3 /* Pods */ = {
			isa = PBXGroup;
			children = (
				2FDCB76628C7A6372DB52049 /* Pods-NASAImagesViewer.debug.xcconfig */,
				C0D0EE935D9AE8A638EC46E1 /* Pods-NASAImagesViewer.release.xcconfig */,
			);
			path = Pods;
			sourceTree = "<group>";
		};
		9528C66DCD7BA3BF5B358534 /* Frameworks */ = {
			isa = PBXGroup;
			children = (
				CC666E4C0A3E29C4E5FD9619 /* Pods_NASAImagesViewer.framework */,
			);
			name = Frameworks;
			sourceTree = "<group>";
		};
		AD2537AB2688EA0400128EFC = {
			isa = PBXGroup;
			children = (
				AD2537B62688EA0400128EFC /* NASAImagesViewer */,
				AD2537CD2688EA0800128EFC /* NASAImagesViewerTests */,
				AD2537D82688EA0800128EFC /* NASAImagesViewerUITests */,
				AD2537B52688EA0400128EFC /* Products */,
				884B3C5788F52F9E754DA6C3 /* Pods */,
				9528C66DCD7BA3BF5B358534 /* Frameworks */,
			);
			sourceTree = "<group>";
		};
		AD2537B52688EA0400128EFC /* Products */ = {
			isa = PBXGroup;
			children = (
				AD2537B42688EA0400128EFC /* NASAImagesViewer.app */,
				AD2537CA2688EA0800128EFC /* NASAImagesViewerTests.xctest */,
				AD2537D52688EA0800128EFC /* NASAImagesViewerUITests.xctest */,
			);
			name = Products;
			sourceTree = "<group>";
		};
		AD2537B62688EA0400128EFC /* NASAImagesViewer */ = {
			isa = PBXGroup;
			children = (
				AD253808268B122C00128EFC /* Extensions */,
				AD2537F72688F37A00128EFC /* Protocols */,
				AD2537F42688F32400128EFC /* Home */,
				AD2537EF2688F26600128EFC /* Models */,
				AD2537E72688EB5D00128EFC /* Networkng */,
				AD2537B72688EA0400128EFC /* AppDelegate.swift */,
				AD2537B92688EA0400128EFC /* SceneDelegate.swift */,
				AD2537BD2688EA0400128EFC /* Main.storyboard */,
				AD2537C02688EA0800128EFC /* Assets.xcassets */,
				AD2537C22688EA0800128EFC /* LaunchScreen.storyboard */,
				AD2537C52688EA0800128EFC /* Info.plist */,
				AD2537F22688F2FE00128EFC /* AppRouter.swift */,
			);
			path = NASAImagesViewer;
			sourceTree = "<group>";
		};
		AD2537CD2688EA0800128EFC /* NASAImagesViewerTests */ = {
			isa = PBXGroup;
			children = (
				AD2537CE2688EA0800128EFC /* NASAImagesViewerTests.swift */,
				AD2537D02688EA0800128EFC /* Info.plist */,
				AD2537FB2688F76B00128EFC /* ReuseIdentifyingTests.swift */,
			);
			path = NASAImagesViewerTests;
			sourceTree = "<group>";
		};
		AD2537D82688EA0800128EFC /* NASAImagesViewerUITests */ = {
			isa = PBXGroup;
			children = (
				AD2537D92688EA0800128EFC /* NASAImagesViewerUITests.swift */,
				AD2537DB2688EA0800128EFC /* Info.plist */,
			);
			path = NASAImagesViewerUITests;
			sourceTree = "<group>";
		};
		AD2537E72688EB5D00128EFC /* Networkng */ = {
			isa = PBXGroup;
			children = (
				AD2537EC2688F09100128EFC /* Search */,
				AD2537E82688EB8F00128EFC /* APIRequest.swift */,
				AD2537EA2688EFA500128EFC /* APIClient.swift */,
				AD2538062689D5D100128EFC /* URLResponse.swift */,
			);
			path = Networkng;
			sourceTree = "<group>";
		};
		AD2537EC2688F09100128EFC /* Search */ = {
			isa = PBXGroup;
			children = (
				AD2537ED2688F0A600128EFC /* SearchRequest.swift */,
			);
			path = Search;
			sourceTree = "<group>";
		};
		AD2537EF2688F26600128EFC /* Models */ = {
			isa = PBXGroup;
			children = (
				AD2537F02688F28400128EFC /* NASAImageViewerModels.swift */,
			);
			path = Models;
			sourceTree = "<group>";
		};
		AD2537F42688F32400128EFC /* Home */ = {
			isa = PBXGroup;
			children = (
				AD2537FD2688F97700128EFC /* ViewModel */,
				AD2537F82688F5F400128EFC /* Extensions */,
				AD2537F52688F34100128EFC /* HomeViewController.swift */,
				AD2538022688FEC500128EFC /* DatumTableViewCell.swift */,
			);
			path = Home;
			sourceTree = "<group>";
		};
		AD2537F72688F37A00128EFC /* Protocols */ = {
			isa = PBXGroup;
			children = (
				AD2537F92688F6F500128EFC /* ReuseIdentifying.swift */,
			);
			path = Protocols;
			sourceTree = "<group>";
		};
		AD2537F82688F5F400128EFC /* Extensions */ = {
			isa = PBXGroup;
			children = (
				AD2538002688F9E000128EFC /* HomeViewController+UISetUp.swift */,
			);
			path = Extensions;
			sourceTree = "<group>";
		};
		AD2537FD2688F97700128EFC /* ViewModel */ = {
			isa = PBXGroup;
			children = (
				AD2537FE2688F98E00128EFC /* HomeViewModel.swift */,
				AD2538042688FF4A00128EFC /* DatumCellViewModel.swift */,
			);
			path = ViewModel;
			sourceTree = "<group>";
		};
		AD253808268B122C00128EFC /* Extensions */ = {
			isa = PBXGroup;
			children = (
				AD253809268B124500128EFC /* DateFormatter+Extension.swift */,
				AD25380B268B448B00128EFC /* UIViewController.swift */,
			);
			path = Extensions;
			sourceTree = "<group>";
		};
/* End PBXGroup section */

/* Begin PBXNativeTarget section */
		AD2537B32688EA0400128EFC /* NASAImagesViewer */ = {
			isa = PBXNativeTarget;
			buildConfigurationList = AD2537DE2688EA0800128EFC /* Build configuration list for PBXNativeTarget "NASAImagesViewer" */;
			buildPhases = (
				955E0D634B86DCB7D42813E7 /* [CP] Check Pods Manifest.lock */,
				AD2537B02688EA0400128EFC /* Sources */,
				AD2537B12688EA0400128EFC /* Frameworks */,
				AD2537B22688EA0400128EFC /* Resources */,
				4A45B1476743B1EF16FA49EB /* [CP] Embed Pods Frameworks */,
			);
			buildRules = (
			);
			dependencies = (
			);
			name = NASAImagesViewer;
			productName = NASAImagesViewer;
			productReference = AD2537B42688EA0400128EFC /* NASAImagesViewer.app */;
			productType = "com.apple.product-type.application";
		};
		AD2537C92688EA0800128EFC /* NASAImagesViewerTests */ = {
			isa = PBXNativeTarget;
			buildConfigurationList = AD2537E12688EA0800128EFC /* Build configuration list for PBXNativeTarget "NASAImagesViewerTests" */;
			buildPhases = (
				AD2537C62688EA0800128EFC /* Sources */,
				AD2537C72688EA0800128EFC /* Frameworks */,
				AD2537C82688EA0800128EFC /* Resources */,
			);
			buildRules = (
			);
			dependencies = (
				AD2537CC2688EA0800128EFC /* PBXTargetDependency */,
			);
			name = NASAImagesViewerTests;
			productName = NASAImagesViewerTests;
			productReference = AD2537CA2688EA0800128EFC /* NASAImagesViewerTests.xctest */;
			productType = "com.apple.product-type.bundle.unit-test";
		};
		AD2537D42688EA0800128EFC /* NASAImagesViewerUITests */ = {
			isa = PBXNativeTarget;
			buildConfigurationList = AD2537E42688EA0800128EFC /* Build configuration list for PBXNativeTarget "NASAImagesViewerUITests" */;
			buildPhases = (
				AD2537D12688EA0800128EFC /* Sources */,
				AD2537D22688EA0800128EFC /* Frameworks */,
				AD2537D32688EA0800128EFC /* Resources */,
			);
			buildRules = (
			);
			dependencies = (
				AD2537D72688EA0800128EFC /* PBXTargetDependency */,
			);
			name = NASAImagesViewerUITests;
			productName = NASAImagesViewerUITests;
			productReference = AD2537D52688EA0800128EFC /* NASAImagesViewerUITests.xctest */;
			productType = "com.apple.product-type.bundle.ui-testing";
		};
/* End PBXNativeTarget section */

/* Begin PBXProject section */
		AD2537AC2688EA0400128EFC /* Project object */ = {
			isa = PBXProject;
			attributes = {
				LastSwiftUpdateCheck = 1250;
				LastUpgradeCheck = 1250;
				TargetAttributes = {
					AD2537B32688EA0400128EFC = {
						CreatedOnToolsVersion = 12.5;
					};
					AD2537C92688EA0800128EFC = {
						CreatedOnToolsVersion = 12.5;
						TestTargetID = AD2537B32688EA0400128EFC;
					};
					AD2537D42688EA0800128EFC = {
						CreatedOnToolsVersion = 12.5;
						TestTargetID = AD2537B32688EA0400128EFC;
					};
				};
			};
			buildConfigurationList = AD2537AF2688EA0400128EFC /* Build configuration list for PBXProject "NASAImagesViewer" */;
			compatibilityVersion = "Xcode 9.3";
			developmentRegion = en;
			hasScannedForEncodings = 0;
			knownRegions = (
				en,
				Base,
			);
			mainGroup = AD2537AB2688EA0400128EFC;
			productRefGroup = AD2537B52688EA0400128EFC /* Products */;
			projectDirPath = "";
			projectRoot = "";
			targets = (
				AD2537B32688EA0400128EFC /* NASAImagesViewer */,
				AD2537C92688EA0800128EFC /* NASAImagesViewerTests */,
				AD2537D42688EA0800128EFC /* NASAImagesViewerUITests */,
			);
		};
/* End PBXProject section */

/* Begin PBXResourcesBuildPhase section */
		AD2537B22688EA0400128EFC /* Resources */ = {
			isa = PBXResourcesBuildPhase;
			buildActionMask = 2147483647;
			files = (
				AD2537C42688EA0800128EFC /* LaunchScreen.storyboard in Resources */,
				AD2537C12688EA0800128EFC /* Assets.xcassets in Resources */,
				AD2537BF2688EA0400128EFC /* Main.storyboard in Resources */,
			);
			runOnlyForDeploymentPostprocessing = 0;
		};
		AD2537C82688EA0800128EFC /* Resources */ = {
			isa = PBXResourcesBuildPhase;
			buildActionMask = 2147483647;
			files = (
			);
			runOnlyForDeploymentPostprocessing = 0;
		};
		AD2537D32688EA0800128EFC /* Resources */ = {
			isa = PBXResourcesBuildPhase;
			buildActionMask = 2147483647;
			files = (
			);
			runOnlyForDeploymentPostprocessing = 0;
		};
/* End PBXResourcesBuildPhase section */

/* Begin PBXShellScriptBuildPhase section */
		4A45B1476743B1EF16FA49EB /* [CP] Embed Pods Frameworks */ = {
			isa = PBXShellScriptBuildPhase;
			buildActionMask = 2147483647;
			files = (
			);
			inputFileListPaths = (
				"${PODS_ROOT}/Target Support Files/Pods-NASAImagesViewer/Pods-NASAImagesViewer-frameworks-${CONFIGURATION}-input-files.xcfilelist",
			);
			name = "[CP] Embed Pods Frameworks";
			outputFileListPaths = (
				"${PODS_ROOT}/Target Support Files/Pods-NASAImagesViewer/Pods-NASAImagesViewer-frameworks-${CONFIGURATION}-output-files.xcfilelist",
			);
			runOnlyForDeploymentPostprocessing = 0;
			shellPath = /bin/sh;
			shellScript = "\"${PODS_ROOT}/Target Support Files/Pods-NASAImagesViewer/Pods-NASAImagesViewer-frameworks.sh\"\n";
			showEnvVarsInLog = 0;
		};
		955E0D634B86DCB7D42813E7 /* [CP] Check Pods Manifest.lock */ = {
			isa = PBXShellScriptBuildPhase;
			buildActionMask = 2147483647;
			files = (
			);
			inputFileListPaths = (
			);
			inputPaths = (
				"${PODS_PODFILE_DIR_PATH}/Podfile.lock",
				"${PODS_ROOT}/Manifest.lock",
			);
			name = "[CP] Check Pods Manifest.lock";
			outputFileListPaths = (
			);
			outputPaths = (
				"$(DERIVED_FILE_DIR)/Pods-NASAImagesViewer-checkManifestLockResult.txt",
			);
			runOnlyForDeploymentPostprocessing = 0;
			shellPath = /bin/sh;
			shellScript = "diff \"${PODS_PODFILE_DIR_PATH}/Podfile.lock\" \"${PODS_ROOT}/Manifest.lock\" > /dev/null\nif [ $? != 0 ] ; then\n    # print error to STDERR\n    echo \"error: The sandbox is not in sync with the Podfile.lock. Run 'pod install' or update your CocoaPods installation.\" >&2\n    exit 1\nfi\n# This output is used by Xcode 'outputs' to avoid re-running this script phase.\necho \"SUCCESS\" > \"${SCRIPT_OUTPUT_FILE_0}\"\n";
			showEnvVarsInLog = 0;
		};
/* End PBXShellScriptBuildPhase section */

/* Begin PBXSourcesBuildPhase section */
		AD2537B02688EA0400128EFC /* Sources */ = {
			isa = PBXSourcesBuildPhase;
			buildActionMask = 2147483647;
			files = (
				AD2537F12688F28400128EFC /* NASAImageViewerModels.swift in Sources */,
				AD2537FA2688F6F500128EFC /* ReuseIdentifying.swift in Sources */,
				AD2538012688F9E000128EFC /* HomeViewController+UISetUp.swift in Sources */,
				AD2537B82688EA0400128EFC /* AppDelegate.swift in Sources */,
				AD2537FF2688F98E00128EFC /* HomeViewModel.swift in Sources */,
				AD2538032688FEC500128EFC /* DatumTableViewCell.swift in Sources */,
				AD2537E92688EB8F00128EFC /* APIRequest.swift in Sources */,
				AD2537F62688F34100128EFC /* HomeViewController.swift in Sources */,
				AD25380A268B124500128EFC /* DateFormatter+Extension.swift in Sources */,
				AD2537BA2688EA0400128EFC /* SceneDelegate.swift in Sources */,
				AD2538052688FF4A00128EFC /* DatumCellViewModel.swift in Sources */,
				AD2537F32688F2FE00128EFC /* AppRouter.swift in Sources */,
				AD2537EE2688F0A600128EFC /* SearchRequest.swift in Sources */,
				AD2538072689D5D100128EFC /* URLResponse.swift in Sources */,
				AD25380C268B448B00128EFC /* UIViewController.swift in Sources */,
				AD2537EB2688EFA500128EFC /* APIClient.swift in Sources */,
			);
			runOnlyForDeploymentPostprocessing = 0;
		};
		AD2537C62688EA0800128EFC /* Sources */ = {
			isa = PBXSourcesBuildPhase;
			buildActionMask = 2147483647;
			files = (
				AD2537CF2688EA0800128EFC /* NASAImagesViewerTests.swift in Sources */,
				AD2537FC2688F76B00128EFC /* ReuseIdentifyingTests.swift in Sources */,
			);
			runOnlyForDeploymentPostprocessing = 0;
		};
		AD2537D12688EA0800128EFC /* Sources */ = {
			isa = PBXSourcesBuildPhase;
			buildActionMask = 2147483647;
			files = (
				AD2537DA2688EA0800128EFC /* NASAImagesViewerUITests.swift in Sources */,
			);
			runOnlyForDeploymentPostprocessing = 0;
		};
/* End PBXSourcesBuildPhase section */

/* Begin PBXTargetDependency section */
		AD2537CC2688EA0800128EFC /* PBXTargetDependency */ = {
			isa = PBXTargetDependency;
			target = AD2537B32688EA0400128EFC /* NASAImagesViewer */;
			targetProxy = AD2537CB2688EA0800128EFC /* PBXContainerItemProxy */;
		};
		AD2537D72688EA0800128EFC /* PBXTargetDependency */ = {
			isa = PBXTargetDependency;
			target = AD2537B32688EA0400128EFC /* NASAImagesViewer */;
			targetProxy = AD2537D62688EA0800128EFC /* PBXContainerItemProxy */;
		};
/* End PBXTargetDependency section */

/* Begin PBXVariantGroup section */
		AD2537BD2688EA0400128EFC /* Main.storyboard */ = {
			isa = PBXVariantGroup;
			children = (
				AD2537BE2688EA0400128EFC /* Base */,
			);
			name = Main.storyboard;
			sourceTree = "<group>";
		};
		AD2537C22688EA0800128EFC /* LaunchScreen.storyboard */ = {
			isa = PBXVariantGroup;
			children = (
				AD2537C32688EA0800128EFC /* Base */,
			);
			name = LaunchScreen.storyboard;
			sourceTree = "<group>";
		};
/* End PBXVariantGroup section */

/* Begin XCBuildConfiguration section */
		AD2537DC2688EA0800128EFC /* Debug */ = {
			isa = XCBuildConfiguration;
			buildSettings = {
				ALWAYS_SEARCH_USER_PATHS = NO;
				CLANG_ANALYZER_NONNULL = YES;
				CLANG_ANALYZER_NUMBER_OBJECT_CONVERSION = YES_AGGRESSIVE;
				CLANG_CXX_LANGUAGE_STANDARD = "gnu++14";
				CLANG_CXX_LIBRARY = "libc++";
				CLANG_ENABLE_MODULES = YES;
				CLANG_ENABLE_OBJC_ARC = YES;
				CLANG_ENABLE_OBJC_WEAK = YES;
				CLANG_WARN_BLOCK_CAPTURE_AUTORELEASING = YES;
				CLANG_WARN_BOOL_CONVERSION = YES;
				CLANG_WARN_COMMA = YES;
				CLANG_WARN_CONSTANT_CONVERSION = YES;
				CLANG_WARN_DEPRECATED_OBJC_IMPLEMENTATIONS = YES;
				CLANG_WARN_DIRECT_OBJC_ISA_USAGE = YES_ERROR;
				CLANG_WARN_DOCUMENTATION_COMMENTS = YES;
				CLANG_WARN_EMPTY_BODY = YES;
				CLANG_WARN_ENUM_CONVERSION = YES;
				CLANG_WARN_INFINITE_RECURSION = YES;
				CLANG_WARN_INT_CONVERSION = YES;
				CLANG_WARN_NON_LITERAL_NULL_CONVERSION = YES;
				CLANG_WARN_OBJC_IMPLICIT_RETAIN_SELF = YES;
				CLANG_WARN_OBJC_LITERAL_CONVERSION = YES;
				CLANG_WARN_OBJC_ROOT_CLASS = YES_ERROR;
				CLANG_WARN_QUOTED_INCLUDE_IN_FRAMEWORK_HEADER = YES;
				CLANG_WARN_RANGE_LOOP_ANALYSIS = YES;
				CLANG_WARN_STRICT_PROTOTYPES = YES;
				CLANG_WARN_SUSPICIOUS_MOVE = YES;
				CLANG_WARN_UNGUARDED_AVAILABILITY = YES_AGGRESSIVE;
				CLANG_WARN_UNREACHABLE_CODE = YES;
				CLANG_WARN__DUPLICATE_METHOD_MATCH = YES;
				COPY_PHASE_STRIP = NO;
				DEBUG_INFORMATION_FORMAT = dwarf;
				ENABLE_STRICT_OBJC_MSGSEND = YES;
				ENABLE_TESTABILITY = YES;
				GCC_C_LANGUAGE_STANDARD = gnu11;
				GCC_DYNAMIC_NO_PIC = NO;
				GCC_NO_COMMON_BLOCKS = YES;
				GCC_OPTIMIZATION_LEVEL = 0;
				GCC_PREPROCESSOR_DEFINITIONS = (
					"DEBUG=1",
					"$(inherited)",
				);
				GCC_WARN_64_TO_32_BIT_CONVERSION = YES;
				GCC_WARN_ABOUT_RETURN_TYPE = YES_ERROR;
				GCC_WARN_UNDECLARED_SELECTOR = YES;
				GCC_WARN_UNINITIALIZED_AUTOS = YES_AGGRESSIVE;
				GCC_WARN_UNUSED_FUNCTION = YES;
				GCC_WARN_UNUSED_VARIABLE = YES;
				IPHONEOS_DEPLOYMENT_TARGET = 14.5;
				MTL_ENABLE_DEBUG_INFO = INCLUDE_SOURCE;
				MTL_FAST_MATH = YES;
				ONLY_ACTIVE_ARCH = YES;
				SDKROOT = iphoneos;
				SWIFT_ACTIVE_COMPILATION_CONDITIONS = DEBUG;
				SWIFT_OPTIMIZATION_LEVEL = "-Onone";
			};
			name = Debug;
		};
		AD2537DD2688EA0800128EFC /* Release */ = {
			isa = XCBuildConfiguration;
			buildSettings = {
				ALWAYS_SEARCH_USER_PATHS = NO;
				CLANG_ANALYZER_NONNULL = YES;
				CLANG_ANALYZER_NUMBER_OBJECT_CONVERSION = YES_AGGRESSIVE;
				CLANG_CXX_LANGUAGE_STANDARD = "gnu++14";
				CLANG_CXX_LIBRARY = "libc++";
				CLANG_ENABLE_MODULES = YES;
				CLANG_ENABLE_OBJC_ARC = YES;
				CLANG_ENABLE_OBJC_WEAK = YES;
				CLANG_WARN_BLOCK_CAPTURE_AUTORELEASING = YES;
				CLANG_WARN_BOOL_CONVERSION = YES;
				CLANG_WARN_COMMA = YES;
				CLANG_WARN_CONSTANT_CONVERSION = YES;
				CLANG_WARN_DEPRECATED_OBJC_IMPLEMENTATIONS = YES;
				CLANG_WARN_DIRECT_OBJC_ISA_USAGE = YES_ERROR;
				CLANG_WARN_DOCUMENTATION_COMMENTS = YES;
				CLANG_WARN_EMPTY_BODY = YES;
				CLANG_WARN_ENUM_CONVERSION = YES;
				CLANG_WARN_INFINITE_RECURSION = YES;
				CLANG_WARN_INT_CONVERSION = YES;
				CLANG_WARN_NON_LITERAL_NULL_CONVERSION = YES;
				CLANG_WARN_OBJC_IMPLICIT_RETAIN_SELF = YES;
				CLANG_WARN_OBJC_LITERAL_CONVERSION = YES;
				CLANG_WARN_OBJC_ROOT_CLASS = YES_ERROR;
				CLANG_WARN_QUOTED_INCLUDE_IN_FRAMEWORK_HEADER = YES;
				CLANG_WARN_RANGE_LOOP_ANALYSIS = YES;
				CLANG_WARN_STRICT_PROTOTYPES = YES;
				CLANG_WARN_SUSPICIOUS_MOVE = YES;
				CLANG_WARN_UNGUARDED_AVAILABILITY = YES_AGGRESSIVE;
				CLANG_WARN_UNREACHABLE_CODE = YES;
				CLANG_WARN__DUPLICATE_METHOD_MATCH = YES;
				COPY_PHASE_STRIP = NO;
				DEBUG_INFORMATION_FORMAT = "dwarf-with-dsym";
				ENABLE_NS_ASSERTIONS = NO;
				ENABLE_STRICT_OBJC_MSGSEND = YES;
				GCC_C_LANGUAGE_STANDARD = gnu11;
				GCC_NO_COMMON_BLOCKS = YES;
				GCC_WARN_64_TO_32_BIT_CONVERSION = YES;
				GCC_WARN_ABOUT_RETURN_TYPE = YES_ERROR;
				GCC_WARN_UNDECLARED_SELECTOR = YES;
				GCC_WARN_UNINITIALIZED_AUTOS = YES_AGGRESSIVE;
				GCC_WARN_UNUSED_FUNCTION = YES;
				GCC_WARN_UNUSED_VARIABLE = YES;
				IPHONEOS_DEPLOYMENT_TARGET = 14.5;
				MTL_ENABLE_DEBUG_INFO = NO;
				MTL_FAST_MATH = YES;
				SDKROOT = iphoneos;
				SWIFT_COMPILATION_MODE = wholemodule;
				SWIFT_OPTIMIZATION_LEVEL = "-O";
				VALIDATE_PRODUCT = YES;
			};
			name = Release;
		};
		AD2537DF2688EA0800128EFC /* Debug */ = {
			isa = XCBuildConfiguration;
			baseConfigurationReference = 2FDCB76628C7A6372DB52049 /* Pods-NASAImagesViewer.debug.xcconfig */;
			buildSettings = {
				ASSETCATALOG_COMPILER_APPICON_NAME = AppIcon;
				ASSETCATALOG_COMPILER_GLOBAL_ACCENT_COLOR_NAME = AccentColor;
				CODE_SIGN_STYLE = Automatic;
				INFOPLIST_FILE = NASAImagesViewer/Info.plist;
				LD_RUNPATH_SEARCH_PATHS = (
					"$(inherited)",
					"@executable_path/Frameworks",
				);
				PRODUCT_BUNDLE_IDENTIFIER = com.Nasa.NASAImagesViewer;
				PRODUCT_NAME = "$(TARGET_NAME)";
				SWIFT_VERSION = 5.0;
				TARGETED_DEVICE_FAMILY = 1;
			};
			name = Debug;
		};
		AD2537E02688EA0800128EFC /* Release */ = {
			isa = XCBuildConfiguration;
			baseConfigurationReference = C0D0EE935D9AE8A638EC46E1 /* Pods-NASAImagesViewer.release.xcconfig */;
			buildSettings = {
				ASSETCATALOG_COMPILER_APPICON_NAME = AppIcon;
				ASSETCATALOG_COMPILER_GLOBAL_ACCENT_COLOR_NAME = AccentColor;
				CODE_SIGN_STYLE = Automatic;
				INFOPLIST_FILE = NASAImagesViewer/Info.plist;
				LD_RUNPATH_SEARCH_PATHS = (
					"$(inherited)",
					"@executable_path/Frameworks",
				);
				PRODUCT_BUNDLE_IDENTIFIER = com.Nasa.NASAImagesViewer;
				PRODUCT_NAME = "$(TARGET_NAME)";
				SWIFT_VERSION = 5.0;
				TARGETED_DEVICE_FAMILY = 1;
			};
			name = Release;
		};
		AD2537E22688EA0800128EFC /* Debug */ = {
			isa = XCBuildConfiguration;
			buildSettings = {
				ALWAYS_EMBED_SWIFT_STANDARD_LIBRARIES = YES;
				BUNDLE_LOADER = "$(TEST_HOST)";
				CODE_SIGN_STYLE = Automatic;
				INFOPLIST_FILE = NASAImagesViewerTests/Info.plist;
				IPHONEOS_DEPLOYMENT_TARGET = 14.5;
				LD_RUNPATH_SEARCH_PATHS = (
					"$(inherited)",
					"@executable_path/Frameworks",
					"@loader_path/Frameworks",
				);
				PRODUCT_BUNDLE_IDENTIFIER = com.Nasa.NASAImagesViewerTests;
				PRODUCT_NAME = "$(TARGET_NAME)";
				SWIFT_VERSION = 5.0;
				TARGETED_DEVICE_FAMILY = "1,2";
				TEST_HOST = "$(BUILT_PRODUCTS_DIR)/NASAImagesViewer.app/NASAImagesViewer";
			};
			name = Debug;
		};
		AD2537E32688EA0800128EFC /* Release */ = {
			isa = XCBuildConfiguration;
			buildSettings = {
				ALWAYS_EMBED_SWIFT_STANDARD_LIBRARIES = YES;
				BUNDLE_LOADER = "$(TEST_HOST)";
				CODE_SIGN_STYLE = Automatic;
				INFOPLIST_FILE = NASAImagesViewerTests/Info.plist;
				IPHONEOS_DEPLOYMENT_TARGET = 14.5;
				LD_RUNPATH_SEARCH_PATHS = (
					"$(inherited)",
					"@executable_path/Frameworks",
					"@loader_path/Frameworks",
				);
				PRODUCT_BUNDLE_IDENTIFIER = com.Nasa.NASAImagesViewerTests;
				PRODUCT_NAME = "$(TARGET_NAME)";
				SWIFT_VERSION = 5.0;
				TARGETED_DEVICE_FAMILY = "1,2";
				TEST_HOST = "$(BUILT_PRODUCTS_DIR)/NASAImagesViewer.app/NASAImagesViewer";
			};
			name = Release;
		};
		AD2537E52688EA0800128EFC /* Debug */ = {
			isa = XCBuildConfiguration;
			buildSettings = {
				ALWAYS_EMBED_SWIFT_STANDARD_LIBRARIES = YES;
				CODE_SIGN_STYLE = Automatic;
				INFOPLIST_FILE = NASAImagesViewerUITests/Info.plist;
				LD_RUNPATH_SEARCH_PATHS = (
					"$(inherited)",
					"@executable_path/Frameworks",
					"@loader_path/Frameworks",
				);
				PRODUCT_BUNDLE_IDENTIFIER = com.Nasa.NASAImagesViewerUITests;
				PRODUCT_NAME = "$(TARGET_NAME)";
				SWIFT_VERSION = 5.0;
				TARGETED_DEVICE_FAMILY = "1,2";
				TEST_TARGET_NAME = NASAImagesViewer;
			};
			name = Debug;
		};
		AD2537E62688EA0800128EFC /* Release */ = {
			isa = XCBuildConfiguration;
			buildSettings = {
				ALWAYS_EMBED_SWIFT_STANDARD_LIBRARIES = YES;
				CODE_SIGN_STYLE = Automatic;
				INFOPLIST_FILE = NASAImagesViewerUITests/Info.plist;
				LD_RUNPATH_SEARCH_PATHS = (
					"$(inherited)",
					"@executable_path/Frameworks",
					"@loader_path/Frameworks",
				);
				PRODUCT_BUNDLE_IDENTIFIER = com.Nasa.NASAImagesViewerUITests;
				PRODUCT_NAME = "$(TARGET_NAME)";
				SWIFT_VERSION = 5.0;
				TARGETED_DEVICE_FAMILY = "1,2";
				TEST_TARGET_NAME = NASAImagesViewer;
			};
			name = Release;
		};
/* End XCBuildConfiguration section */

/* Begin XCConfigurationList section */
		AD2537AF2688EA0400128EFC /* Build configuration list for PBXProject "NASAImagesViewer" */ = {
			isa = XCConfigurationList;
			buildConfigurations = (
				AD2537DC2688EA0800128EFC /* Debug */,
				AD2537DD2688EA0800128EFC /* Release */,
			);
			defaultConfigurationIsVisible = 0;
			defaultConfigurationName = Release;
		};
		AD2537DE2688EA0800128EFC /* Build configuration list for PBXNativeTarget "NASAImagesViewer" */ = {
			isa = XCConfigurationList;
			buildConfigurations = (
				AD2537DF2688EA0800128EFC /* Debug */,
				AD2537E02688EA0800128EFC /* Release */,
			);
			defaultConfigurationIsVisible = 0;
			defaultConfigurationName = Release;
		};
		AD2537E12688EA0800128EFC /* Build configuration list for PBXNativeTarget "NASAImagesViewerTests" */ = {
			isa = XCConfigurationList;
			buildConfigurations = (
				AD2537E22688EA0800128EFC /* Debug */,
				AD2537E32688EA0800128EFC /* Release */,
			);
			defaultConfigurationIsVisible = 0;
			defaultConfigurationName = Release;
		};
		AD2537E42688EA0800128EFC /* Build configuration list for PBXNativeTarget "NASAImagesViewerUITests" */ = {
			isa = XCConfigurationList;
			buildConfigurations = (
				AD2537E52688EA0800128EFC /* Debug */,
				AD2537E62688EA0800128EFC /* Release */,
			);
			defaultConfigurationIsVisible = 0;
			defaultConfigurationName = Release;
		};
/* End XCConfigurationList section */
	};
	rootObject = AD2537AC2688EA0400128EFC /* Project object */;
}
